
Microsoft Visual Studio Solution File, Format Version 12.00
Project("{FAE04EC0-301F-11D3-BF4B-00C04F79EFBC}") = "Hammer", "Hammer\Hammer.csproj", "{FA86FF20-26D7-4FDD-B455-9AFDF089256F}"
EndProject
Global
	GlobalSection(SolutionConfigurationPlatforms) = preSolution
		Debug|Any CPU = Debug|Any CPU
		Release|Any CPU = Release|Any CPU
	EndGlobalSection
	GlobalSection(ProjectConfigurationPlatforms) = postSolution
		{FA86FF20-26D7-4FDD-B455-9AFDF089256F}.Debug|Any CPU.ActiveCfg = Debug|Any CPU
		{FA86FF20-26D7-4FDD-B455-9AFDF089256F}.Debug|Any CPU.Build.0 = Debug|Any CPU
		{FA86FF20-26D7-4FDD-B455-9AFDF089256F}.Release|Any CPU.ActiveCfg = Release|Any CPU
		{FA86FF20-26D7-4FDD-B455-9AFDF089256F}.Release|Any CPU.Build.0 = Release|Any CPU
	EndGlobalSection
EndGlobal
